
Microsoft Visual Studio Solution File, Format Version 12.00
# Visual Studio Version 17
VisualStudioVersion = 17.3.32804.467
MinimumVisualStudioVersion = 10.0.40219.1
Project("{9A19103F-16F7-4668-BE54-9A1E7A4F7556}") = "DevFreela.API", "DevFreela.API\DevFreela.API.csproj", "{57E8009E-192E-497D-8CE5-BD1642520F5F}"
EndProject
Project("{9A19103F-16F7-4668-BE54-9A1E7A4F7556}") = "DevFreela.Core", "DevFreela.Core\DevFreela.Core.csproj", "{5E4AA077-50AE-4040-AF04-4A6DCE67F488}"
EndProject
Project("{9A19103F-16F7-4668-BE54-9A1E7A4F7556}") = "DevFreela.Infrastructure", "DevFreela.Infrastructure\DevFreela.Infrastructure.csproj", "{FC028E49-0E42-4BF9-A93B-7C802B0B7C3C}"
EndProject
Project("{FAE04EC0-301F-11D3-BF4B-00C04F79EFBC}") = "DevFreela.Application", "DevFreela.Application\DevFreela.Application.csproj", "{6F40AC3E-2C78-440D-A8DA-7267EB921862}"
EndProject
Global
	GlobalSection(SolutionConfigurationPlatforms) = preSolution
		Debug|Any CPU = Debug|Any CPU
		Release|Any CPU = Release|Any CPU
	EndGlobalSection
	GlobalSection(ProjectConfigurationPlatforms) = postSolution
		{57E8009E-192E-497D-8CE5-BD1642520F5F}.Debug|Any CPU.ActiveCfg = Debug|Any CPU
		{57E8009E-192E-497D-8CE5-BD1642520F5F}.Debug|Any CPU.Build.0 = Debug|Any CPU
		{57E8009E-192E-497D-8CE5-BD1642520F5F}.Release|Any CPU.ActiveCfg = Release|Any CPU
		{57E8009E-192E-497D-8CE5-BD1642520F5F}.Release|Any CPU.Build.0 = Release|Any CPU
		{5E4AA077-50AE-4040-AF04-4A6DCE67F488}.Debug|Any CPU.ActiveCfg = Debug|Any CPU
		{5E4AA077-50AE-4040-AF04-4A6DCE67F488}.Debug|Any CPU.Build.0 = Debug|Any CPU
		{5E4AA077-50AE-4040-AF04-4A6DCE67F488}.Release|Any CPU.ActiveCfg = Release|Any CPU
		{5E4AA077-50AE-4040-AF04-4A6DCE67F488}.Release|Any CPU.Build.0 = Release|Any CPU
		{FC028E49-0E42-4BF9-A93B-7C802B0B7C3C}.Debug|Any CPU.ActiveCfg = Debug|Any CPU
		{FC028E49-0E42-4BF9-A93B-7C802B0B7C3C}.Debug|Any CPU.Build.0 = Debug|Any CPU
		{FC028E49-0E42-4BF9-A93B-7C802B0B7C3C}.Release|Any CPU.ActiveCfg = Release|Any CPU
		{FC028E49-0E42-4BF9-A93B-7C802B0B7C3C}.Release|Any CPU.Build.0 = Release|Any CPU
		{6F40AC3E-2C78-440D-A8DA-7267EB921862}.Debug|Any CPU.ActiveCfg = Debug|Any CPU
		{6F40AC3E-2C78-440D-A8DA-7267EB921862}.Debug|Any CPU.Build.0 = Debug|Any CPU
		{6F40AC3E-2C78-440D-A8DA-7267EB921862}.Release|Any CPU.ActiveCfg = Release|Any CPU
		{6F40AC3E-2C78-440D-A8DA-7267EB921862}.Release|Any CPU.Build.0 = Release|Any CPU
	EndGlobalSection
	GlobalSection(SolutionProperties) = preSolution
		HideSolutionNode = FALSE
	EndGlobalSection
	GlobalSection(ExtensibilityGlobals) = postSolution
		SolutionGuid = {F59036E0-33F6-4F69-B8A8-7270FA3E29B3}
	EndGlobalSection
EndGlobal
